{
  "name": "tornbt-dir",
  "version": "1.0.0",
  "lockfileVersion": 3,
  "requires": true,
  "packages": {
    "": {
      "name": "tornbt-dir",
      "version": "1.0.0",
      "license": "ISC",
      "dependencies": {
        "nbt.js": "github:martian17/nbt.js"
      },
      "devDependencies": {
        "typescript": "^5.0.2"
      }
    },
    "node_modules/.pnpm/github.com+martian17+buffer-builder.js@68ca9fee79178346022d05f478bc8d733cf46a38/node_modules/buffer-builder.js": {
      "version": "1.0.0",
      "extraneous": true,
      "license": "ISC"
    },
    "node_modules/.pnpm/github.com+martian17+nbt.js@9d995ed0f9427f537d63e6b4f559eb421e078d48": {
      "extraneous": true
    },
    "node_modules/buffer-builder.js": {
      "version": "1.0.0",
      "resolved": "git+ssh://git@github.com/martian17/buffer-builder.js.git#68ca9fee79178346022d05f478bc8d733cf46a38",
      "license": "ISC"
    },
    "node_modules/nbt.js": {
      "version": "1.0.0",
      "resolved": "git+ssh://git@github.com/martian17/nbt.js.git#9d995ed0f9427f537d63e6b4f559eb421e078d48",
      "license": "ISC",
      "dependencies": {
        "buffer-builder.js": "github:martian17/buffer-builder.js"
      }
    },
    "node_modules/typescript": {
      "version": "5.0.2",
      "resolved": "https://registry.npmjs.org/typescript/-/typescript-5.0.2.tgz",
      "integrity": "sha512-wVORMBGO/FAs/++blGNeAVdbNKtIh1rbBL2EyQ1+J9lClJ93KiiKe8PmFIVdXhHcyv44SL9oglmfeSsndo0jRw==",
      "dev": true,
      "bin": {
        "tsc": "bin/tsc",
        "tsserver": "bin/tsserver"
      },
      "engines": {
        "node": ">=12.20"
      }
    }
  }
}
