lockfileVersion: 5.4

specifiers:
  nbt.js: github:martian17/nbt.js
  typescript: ^5.0.2

dependencies:
  nbt.js: github.com/martian17/nbt.js/9d995ed0f9427f537d63e6b4f559eb421e078d48

devDependencies:
  typescript: 5.0.2

packages:

  /typescript/5.0.2:
    resolution: {integrity: sha512-wVORMBGO/FAs/++blGNeAVdbNKtIh1rbBL2EyQ1+J9lClJ93KiiKe8PmFIVdXhHcyv44SL9oglmfeSsndo0jRw==}
    engines: {node: '>=12.20'}
    hasBin: true
    dev: true

  github.com/martian17/buffer-builder.js/630f2564c189a13651f24cefc8c0d60e3fb8d685:
    resolution: {tarball: https://codeload.github.com/martian17/buffer-builder.js/tar.gz/630f2564c189a13651f24cefc8c0d60e3fb8d685}
    name: buffer-builder.js
    version: 1.0.0
    dev: false

  github.com/martian17/nbt.js/9d995ed0f9427f537d63e6b4f559eb421e078d48:
    resolution: {tarball: https://codeload.github.com/martian17/nbt.js/tar.gz/9d995ed0f9427f537d63e6b4f559eb421e078d48}
    name: nbt.js
    version: 1.0.0
    dependencies:
      buffer-builder.js: github.com/martian17/buffer-builder.js/630f2564c189a13651f24cefc8c0d60e3fb8d685
    dev: false
